
Microsoft Visual Studio Solution File, Format Version 12.00
Project("{2150E333-8FDC-42A3-9474-1A3956D46DE8}") = "Solution Items", "Solution Items", "{26494B92-C6C9-4AE5-9E90-DA39B135418A}"
	ProjectSection(SolutionItems) = preProject
		C:\Users\thanh\AppData\Roaming\JetBrains\Rider2024.1\scratches\README.md = C:\Users\thanh\AppData\Roaming\JetBrains\Rider2024.1\scratches\README.md
		C:\Users\thanh\AppData\Roaming\JetBrains\Rider2024.1\scratches\global.json = C:\Users\thanh\AppData\Roaming\JetBrains\Rider2024.1\scratches\global.json
		src\docker-compose.yml = src\docker-compose.yml
		src\docker-compose.override.yml = src\docker-compose.override.yml
	EndProjectSection
EndProject
Project("{2150E333-8FDC-42A3-9474-1A3956D46DE8}") = "src", "src", "{E0980301-F7BC-41E4-B4AE-AEC5CFD67B4A}"
EndProject
Project("{2150E333-8FDC-42A3-9474-1A3956D46DE8}") = "tests", "tests", "{E81884C2-5B1B-4510-B2B3-55BBFF11B260}"
EndProject
Project("{2150E333-8FDC-42A3-9474-1A3956D46DE8}") = "ApiGateways", "ApiGateways", "{E8CEA530-752B-4DC0-A2D5-63394657047E}"
EndProject
Project("{2150E333-8FDC-42A3-9474-1A3956D46DE8}") = "BuildingBlocks", "BuildingBlocks", "{76142E05-861D-4EF1-BCC4-7A9B904C23C2}"
EndProject
Project("{2150E333-8FDC-42A3-9474-1A3956D46DE8}") = "Services", "Services", "{F591BCDC-9A77-4E06-AF2B-22926D31416D}"
EndProject
Project("{2150E333-8FDC-42A3-9474-1A3956D46DE8}") = "WebApps", "WebApps", "{A5828B48-43B0-4B3C-8C4A-8F3F40FD2027}"
EndProject
Project("{FAE04EC0-301F-11D3-BF4B-00C04F79EFBC}") = "Common.Logging", "src\BuildingBlocks\Common.Logging\Common.Logging.csproj", "{CAE95E7F-37EF-44D8-82C3-228ADB178DCA}"
EndProject
Project("{FAE04EC0-301F-11D3-BF4B-00C04F79EFBC}") = "EventBus.Messages", "src\BuildingBlocks\EventBus.Messages\EventBus.Messages.csproj", "{ECC01CB6-E9BB-4B45-914A-A71C759D125F}"
EndProject
Project("{2150E333-8FDC-42A3-9474-1A3956D46DE8}") = "Basket", "Basket", "{76D1D1D5-0D94-45A9-B088-23CB0184B6C4}"
EndProject
Project("{2150E333-8FDC-42A3-9474-1A3956D46DE8}") = "Inventory", "Inventory", "{8041D105-665A-49A5-8DEF-96EAF0806651}"
EndProject
Project("{2150E333-8FDC-42A3-9474-1A3956D46DE8}") = "ScheduledJob", "ScheduledJob", "{33DFD9B1-8AE9-45CF-8316-82B4A25A371C}"
EndProject
Project("{FAE04EC0-301F-11D3-BF4B-00C04F79EFBC}") = "WebHealthStatus", "src\WebApps\WebHealthStatus\WebHealthStatus.csproj", "{0195C39F-5489-4638-AFA2-59BF68E38528}"
EndProject
Project("{FAE04EC0-301F-11D3-BF4B-00C04F79EFBC}") = "Basket.API", "src\Services\Basket\Basket.API.csproj", "{57FF7689-E660-49FE-975E-9B239ED61DE0}"
EndProject
Project("{FAE04EC0-301F-11D3-BF4B-00C04F79EFBC}") = "Inventory.API", "src\Services\Inventory\Inventory.API.csproj", "{28DE08CD-4E89-45BD-931A-67EA0521B7DE}"
EndProject
Project("{2150E333-8FDC-42A3-9474-1A3956D46DE8}") = "Customer", "Customer", "{8D987735-ED77-441B-A64D-97CC539E99B2}"
EndProject
Project("{2150E333-8FDC-42A3-9474-1A3956D46DE8}") = "Ordering", "Ordering", "{42E55B02-7BC3-40EA-8AC9-61ABACAF5261}"
EndProject
Project("{2150E333-8FDC-42A3-9474-1A3956D46DE8}") = "Product", "Product", "{C97872BC-DC5A-4E0C-A288-DD1181CA6779}"
EndProject
Project("{FAE04EC0-301F-11D3-BF4B-00C04F79EFBC}") = "Customer.API", "src\Services\Customer\Customer.API.csproj", "{878D1D53-8364-4CDC-B6E9-F733E4C90DF9}"
EndProject
Project("{FAE04EC0-301F-11D3-BF4B-00C04F79EFBC}") = "Ordering.API", "src\Services\Ordering\Ordering.API.csproj", "{96563858-35DA-4877-999F-BDD874CB6952}"
EndProject
Project("{FAE04EC0-301F-11D3-BF4B-00C04F79EFBC}") = "Product.API", "src\Services\Product\Product.API.csproj", "{FF9AB7E9-D9C8-480E-B407-B0D2601C9864}"
EndProject
Project("{FAE04EC0-301F-11D3-BF4B-00C04F79EFBC}") = "Hangfire.API", "src\Services\Hangfire\Hangfire.API.csproj", "{925CF591-2857-4E0B-A3A6-EB9395E8F31E}"
EndProject
Project("{FAE04EC0-301F-11D3-BF4B-00C04F79EFBC}") = "Contracts", "src\BuildingBlocks\Contracts\Contracts.csproj", "{E07AB195-670D-41B7-9AF3-49ED488EDCE0}"
EndProject
Project("{FAE04EC0-301F-11D3-BF4B-00C04F79EFBC}") = "Infrastructure", "src\BuildingBlocks\Infrastructure\Infrastructure.csproj", "{3A6E4198-2D15-454E-AC7D-56B1B6F47C4F}"
EndProject
Project("{FAE04EC0-301F-11D3-BF4B-00C04F79EFBC}") = "Shared", "src\BuildingBlocks\Shared\Shared.csproj", "{8638CA6A-3C94-4A80-8DB7-A264BC7E13E4}"
EndProject
Project("{FAE04EC0-301F-11D3-BF4B-00C04F79EFBC}") = "OcelotApiGw", "src\ApiGateWays\OcelotApiGw\OcelotApiGw.csproj", "{BF230B77-12E2-41B9-B922-B8131D39FDB3}"
EndProject
Global
	GlobalSection(SolutionConfigurationPlatforms) = preSolution
		Debug|Any CPU = Debug|Any CPU
		Release|Any CPU = Release|Any CPU
	EndGlobalSection
	GlobalSection(NestedProjects) = preSolution
		{E8CEA530-752B-4DC0-A2D5-63394657047E} = {E0980301-F7BC-41E4-B4AE-AEC5CFD67B4A}
		{76142E05-861D-4EF1-BCC4-7A9B904C23C2} = {E0980301-F7BC-41E4-B4AE-AEC5CFD67B4A}
		{F591BCDC-9A77-4E06-AF2B-22926D31416D} = {E0980301-F7BC-41E4-B4AE-AEC5CFD67B4A}
		{A5828B48-43B0-4B3C-8C4A-8F3F40FD2027} = {E0980301-F7BC-41E4-B4AE-AEC5CFD67B4A}
		{CAE95E7F-37EF-44D8-82C3-228ADB178DCA} = {76142E05-861D-4EF1-BCC4-7A9B904C23C2}
		{ECC01CB6-E9BB-4B45-914A-A71C759D125F} = {76142E05-861D-4EF1-BCC4-7A9B904C23C2}
		{76D1D1D5-0D94-45A9-B088-23CB0184B6C4} = {F591BCDC-9A77-4E06-AF2B-22926D31416D}
		{8041D105-665A-49A5-8DEF-96EAF0806651} = {F591BCDC-9A77-4E06-AF2B-22926D31416D}
		{33DFD9B1-8AE9-45CF-8316-82B4A25A371C} = {F591BCDC-9A77-4E06-AF2B-22926D31416D}
		{0195C39F-5489-4638-AFA2-59BF68E38528} = {A5828B48-43B0-4B3C-8C4A-8F3F40FD2027}
		{57FF7689-E660-49FE-975E-9B239ED61DE0} = {76D1D1D5-0D94-45A9-B088-23CB0184B6C4}
		{28DE08CD-4E89-45BD-931A-67EA0521B7DE} = {8041D105-665A-49A5-8DEF-96EAF0806651}
		{8D987735-ED77-441B-A64D-97CC539E99B2} = {F591BCDC-9A77-4E06-AF2B-22926D31416D}
		{42E55B02-7BC3-40EA-8AC9-61ABACAF5261} = {F591BCDC-9A77-4E06-AF2B-22926D31416D}
		{C97872BC-DC5A-4E0C-A288-DD1181CA6779} = {F591BCDC-9A77-4E06-AF2B-22926D31416D}
		{878D1D53-8364-4CDC-B6E9-F733E4C90DF9} = {8D987735-ED77-441B-A64D-97CC539E99B2}
		{96563858-35DA-4877-999F-BDD874CB6952} = {42E55B02-7BC3-40EA-8AC9-61ABACAF5261}
		{FF9AB7E9-D9C8-480E-B407-B0D2601C9864} = {C97872BC-DC5A-4E0C-A288-DD1181CA6779}
		{925CF591-2857-4E0B-A3A6-EB9395E8F31E} = {33DFD9B1-8AE9-45CF-8316-82B4A25A371C}
		{E07AB195-670D-41B7-9AF3-49ED488EDCE0} = {76142E05-861D-4EF1-BCC4-7A9B904C23C2}
		{3A6E4198-2D15-454E-AC7D-56B1B6F47C4F} = {76142E05-861D-4EF1-BCC4-7A9B904C23C2}
		{8638CA6A-3C94-4A80-8DB7-A264BC7E13E4} = {76142E05-861D-4EF1-BCC4-7A9B904C23C2}
		{BF230B77-12E2-41B9-B922-B8131D39FDB3} = {E8CEA530-752B-4DC0-A2D5-63394657047E}
	EndGlobalSection
	GlobalSection(ProjectConfigurationPlatforms) = postSolution
		{CAE95E7F-37EF-44D8-82C3-228ADB178DCA}.Debug|Any CPU.ActiveCfg = Debug|Any CPU
		{CAE95E7F-37EF-44D8-82C3-228ADB178DCA}.Debug|Any CPU.Build.0 = Debug|Any CPU
		{CAE95E7F-37EF-44D8-82C3-228ADB178DCA}.Release|Any CPU.ActiveCfg = Release|Any CPU
		{CAE95E7F-37EF-44D8-82C3-228ADB178DCA}.Release|Any CPU.Build.0 = Release|Any CPU
		{ECC01CB6-E9BB-4B45-914A-A71C759D125F}.Debug|Any CPU.ActiveCfg = Debug|Any CPU
		{ECC01CB6-E9BB-4B45-914A-A71C759D125F}.Debug|Any CPU.Build.0 = Debug|Any CPU
		{ECC01CB6-E9BB-4B45-914A-A71C759D125F}.Release|Any CPU.ActiveCfg = Release|Any CPU
		{ECC01CB6-E9BB-4B45-914A-A71C759D125F}.Release|Any CPU.Build.0 = Release|Any CPU
		{0195C39F-5489-4638-AFA2-59BF68E38528}.Debug|Any CPU.ActiveCfg = Debug|Any CPU
		{0195C39F-5489-4638-AFA2-59BF68E38528}.Debug|Any CPU.Build.0 = Debug|Any CPU
		{0195C39F-5489-4638-AFA2-59BF68E38528}.Release|Any CPU.ActiveCfg = Release|Any CPU
		{0195C39F-5489-4638-AFA2-59BF68E38528}.Release|Any CPU.Build.0 = Release|Any CPU
		{57FF7689-E660-49FE-975E-9B239ED61DE0}.Debug|Any CPU.ActiveCfg = Debug|Any CPU
		{57FF7689-E660-49FE-975E-9B239ED61DE0}.Debug|Any CPU.Build.0 = Debug|Any CPU
		{57FF7689-E660-49FE-975E-9B239ED61DE0}.Release|Any CPU.ActiveCfg = Release|Any CPU
		{57FF7689-E660-49FE-975E-9B239ED61DE0}.Release|Any CPU.Build.0 = Release|Any CPU
		{28DE08CD-4E89-45BD-931A-67EA0521B7DE}.Debug|Any CPU.ActiveCfg = Debug|Any CPU
		{28DE08CD-4E89-45BD-931A-67EA0521B7DE}.Debug|Any CPU.Build.0 = Debug|Any CPU
		{28DE08CD-4E89-45BD-931A-67EA0521B7DE}.Release|Any CPU.ActiveCfg = Release|Any CPU
		{28DE08CD-4E89-45BD-931A-67EA0521B7DE}.Release|Any CPU.Build.0 = Release|Any CPU
		{878D1D53-8364-4CDC-B6E9-F733E4C90DF9}.Debug|Any CPU.ActiveCfg = Debug|Any CPU
		{878D1D53-8364-4CDC-B6E9-F733E4C90DF9}.Debug|Any CPU.Build.0 = Debug|Any CPU
		{878D1D53-8364-4CDC-B6E9-F733E4C90DF9}.Release|Any CPU.ActiveCfg = Release|Any CPU
		{878D1D53-8364-4CDC-B6E9-F733E4C90DF9}.Release|Any CPU.Build.0 = Release|Any CPU
		{96563858-35DA-4877-999F-BDD874CB6952}.Debug|Any CPU.ActiveCfg = Debug|Any CPU
		{96563858-35DA-4877-999F-BDD874CB6952}.Debug|Any CPU.Build.0 = Debug|Any CPU
		{96563858-35DA-4877-999F-BDD874CB6952}.Release|Any CPU.ActiveCfg = Release|Any CPU
		{96563858-35DA-4877-999F-BDD874CB6952}.Release|Any CPU.Build.0 = Release|Any CPU
		{FF9AB7E9-D9C8-480E-B407-B0D2601C9864}.Debug|Any CPU.ActiveCfg = Debug|Any CPU
		{FF9AB7E9-D9C8-480E-B407-B0D2601C9864}.Debug|Any CPU.Build.0 = Debug|Any CPU
		{FF9AB7E9-D9C8-480E-B407-B0D2601C9864}.Release|Any CPU.ActiveCfg = Release|Any CPU
		{FF9AB7E9-D9C8-480E-B407-B0D2601C9864}.Release|Any CPU.Build.0 = Release|Any CPU
		{925CF591-2857-4E0B-A3A6-EB9395E8F31E}.Debug|Any CPU.ActiveCfg = Debug|Any CPU
		{925CF591-2857-4E0B-A3A6-EB9395E8F31E}.Debug|Any CPU.Build.0 = Debug|Any CPU
		{925CF591-2857-4E0B-A3A6-EB9395E8F31E}.Release|Any CPU.ActiveCfg = Release|Any CPU
		{925CF591-2857-4E0B-A3A6-EB9395E8F31E}.Release|Any CPU.Build.0 = Release|Any CPU
		{E07AB195-670D-41B7-9AF3-49ED488EDCE0}.Debug|Any CPU.ActiveCfg = Debug|Any CPU
		{E07AB195-670D-41B7-9AF3-49ED488EDCE0}.Debug|Any CPU.Build.0 = Debug|Any CPU
		{E07AB195-670D-41B7-9AF3-49ED488EDCE0}.Release|Any CPU.ActiveCfg = Release|Any CPU
		{E07AB195-670D-41B7-9AF3-49ED488EDCE0}.Release|Any CPU.Build.0 = Release|Any CPU
		{3A6E4198-2D15-454E-AC7D-56B1B6F47C4F}.Debug|Any CPU.ActiveCfg = Debug|Any CPU
		{3A6E4198-2D15-454E-AC7D-56B1B6F47C4F}.Debug|Any CPU.Build.0 = Debug|Any CPU
		{3A6E4198-2D15-454E-AC7D-56B1B6F47C4F}.Release|Any CPU.ActiveCfg = Release|Any CPU
		{3A6E4198-2D15-454E-AC7D-56B1B6F47C4F}.Release|Any CPU.Build.0 = Release|Any CPU
		{8638CA6A-3C94-4A80-8DB7-A264BC7E13E4}.Debug|Any CPU.ActiveCfg = Debug|Any CPU
		{8638CA6A-3C94-4A80-8DB7-A264BC7E13E4}.Debug|Any CPU.Build.0 = Debug|Any CPU
		{8638CA6A-3C94-4A80-8DB7-A264BC7E13E4}.Release|Any CPU.ActiveCfg = Release|Any CPU
		{8638CA6A-3C94-4A80-8DB7-A264BC7E13E4}.Release|Any CPU.Build.0 = Release|Any CPU
		{BF230B77-12E2-41B9-B922-B8131D39FDB3}.Debug|Any CPU.ActiveCfg = Debug|Any CPU
		{BF230B77-12E2-41B9-B922-B8131D39FDB3}.Debug|Any CPU.Build.0 = Debug|Any CPU
		{BF230B77-12E2-41B9-B922-B8131D39FDB3}.Release|Any CPU.ActiveCfg = Release|Any CPU
		{BF230B77-12E2-41B9-B922-B8131D39FDB3}.Release|Any CPU.Build.0 = Release|Any CPU
	EndGlobalSection
EndGlobal
